
Microsoft Visual Studio Solution File, Format Version 12.00
# Visual Studio Version 16
VisualStudioVersion = 16.0.29318.209
MinimumVisualStudioVersion = 10.0.40219.1
Project("{9A19103F-16F7-4668-BE54-9A1E7A4F7556}") = "ColaProject", "WebApplication1\ColaProject.csproj", "{3AA99A79-9EA8-4A12-90A4-094C3F2B6935}"
EndProject
Global
	GlobalSection(SolutionConfigurationPlatforms) = preSolution
		Debug|Any CPU = Debug|Any CPU
		Release|Any CPU = Release|Any CPU
	EndGlobalSection
	GlobalSection(ProjectConfigurationPlatforms) = postSolution
		{3AA99A79-9EA8-4A12-90A4-094C3F2B6935}.Debug|Any CPU.ActiveCfg = Debug|Any CPU
		{3AA99A79-9EA8-4A12-90A4-094C3F2B6935}.Debug|Any CPU.Build.0 = Debug|Any CPU
		{3AA99A79-9EA8-4A12-90A4-094C3F2B6935}.Release|Any CPU.ActiveCfg = Release|Any CPU
		{3AA99A79-9EA8-4A12-90A4-094C3F2B6935}.Release|Any CPU.Build.0 = Release|Any CPU
	EndGlobalSection
	GlobalSection(SolutionProperties) = preSolution
		HideSolutionNode = FALSE
	EndGlobalSection
	GlobalSection(ExtensibilityGlobals) = postSolution
		SolutionGuid = {46E69BCE-33A6-47A8-985B-7AD87A2A47DD}
	EndGlobalSection
EndGlobal
